
Microsoft Visual Studio Solution File, Format Version 12.00
# Visual Studio 15
VisualStudioVersion = 15.0.26730.15
MinimumVisualStudioVersion = 10.0.40219.1
Project("{FAE04EC0-301F-11D3-BF4B-00C04F79EFBC}") = "Practica3.Android", "Practica3\Practica3.Android\Practica3.Android.csproj", "{98990D3E-0B60-40F8-80E0-0D9A4585D2FF}"
EndProject
Project("{FAE04EC0-301F-11D3-BF4B-00C04F79EFBC}") = "Practica3", "Practica3\Practica3\Practica3.csproj", "{AC97FD6F-D8E3-4518-B9E9-CE93423AE44B}"
EndProject
Project("{FAE04EC0-301F-11D3-BF4B-00C04F79EFBC}") = "Practica3.UWP", "Practica3\Practica3.UWP\Practica3.UWP.csproj", "{9357511B-4206-4B6E-8E40-CE4D7B796704}"
EndProject
Project("{FAE04EC0-301F-11D3-BF4B-00C04F79EFBC}") = "Practica3.iOS", "Practica3\Practica3.iOS\Practica3.iOS.csproj", "{B9644BC3-BCBD-47D4-8F97-C9541B7C21B9}"
EndProject
Global
	GlobalSection(SolutionConfigurationPlatforms) = preSolution
		Ad-Hoc|Any CPU = Ad-Hoc|Any CPU
		Ad-Hoc|ARM = Ad-Hoc|ARM
		Ad-Hoc|iPhone = Ad-Hoc|iPhone
		Ad-Hoc|iPhoneSimulator = Ad-Hoc|iPhoneSimulator
		Ad-Hoc|x64 = Ad-Hoc|x64
		Ad-Hoc|x86 = Ad-Hoc|x86
		AppStore|Any CPU = AppStore|Any CPU
		AppStore|ARM = AppStore|ARM
		AppStore|iPhone = AppStore|iPhone
		AppStore|iPhoneSimulator = AppStore|iPhoneSimulator
		AppStore|x64 = AppStore|x64
		AppStore|x86 = AppStore|x86
		Debug|Any CPU = Debug|Any CPU
		Debug|ARM = Debug|ARM
		Debug|iPhone = Debug|iPhone
		Debug|iPhoneSimulator = Debug|iPhoneSimulator
		Debug|x64 = Debug|x64
		Debug|x86 = Debug|x86
		Release|Any CPU = Release|Any CPU
		Release|ARM = Release|ARM
		Release|iPhone = Release|iPhone
		Release|iPhoneSimulator = Release|iPhoneSimulator
		Release|x64 = Release|x64
		Release|x86 = Release|x86
	EndGlobalSection
	GlobalSection(ProjectConfigurationPlatforms) = postSolution
		{98990D3E-0B60-40F8-80E0-0D9A4585D2FF}.Ad-Hoc|Any CPU.ActiveCfg = Release|Any CPU
		{98990D3E-0B60-40F8-80E0-0D9A4585D2FF}.Ad-Hoc|Any CPU.Build.0 = Release|Any CPU
		{98990D3E-0B60-40F8-80E0-0D9A4585D2FF}.Ad-Hoc|Any CPU.Deploy.0 = Release|Any CPU
		{98990D3E-0B60-40F8-80E0-0D9A4585D2FF}.Ad-Hoc|ARM.ActiveCfg = Release|Any CPU
		{98990D3E-0B60-40F8-80E0-0D9A4585D2FF}.Ad-Hoc|ARM.Build.0 = Release|Any CPU
		{98990D3E-0B60-40F8-80E0-0D9A4585D2FF}.Ad-Hoc|ARM.Deploy.0 = Release|Any CPU
		{98990D3E-0B60-40F8-80E0-0D9A4585D2FF}.Ad-Hoc|iPhone.ActiveCfg = Release|Any CPU
		{98990D3E-0B60-40F8-80E0-0D9A4585D2FF}.Ad-Hoc|iPhone.Build.0 = Release|Any CPU
		{98990D3E-0B60-40F8-80E0-0D9A4585D2FF}.Ad-Hoc|iPhone.Deploy.0 = Release|Any CPU
		{98990D3E-0B60-40F8-80E0-0D9A4585D2FF}.Ad-Hoc|iPhoneSimulator.ActiveCfg = Release|Any CPU
		{98990D3E-0B60-40F8-80E0-0D9A4585D2FF}.Ad-Hoc|iPhoneSimulator.Build.0 = Release|Any CPU
		{98990D3E-0B60-40F8-80E0-0D9A4585D2FF}.Ad-Hoc|iPhoneSimulator.Deploy.0 = Release|Any CPU
		{98990D3E-0B60-40F8-80E0-0D9A4585D2FF}.Ad-Hoc|x64.ActiveCfg = Release|Any CPU
		{98990D3E-0B60-40F8-80E0-0D9A4585D2FF}.Ad-Hoc|x64.Build.0 = Release|Any CPU
		{98990D3E-0B60-40F8-80E0-0D9A4585D2FF}.Ad-Hoc|x64.Deploy.0 = Release|Any CPU
		{98990D3E-0B60-40F8-80E0-0D9A4585D2FF}.Ad-Hoc|x86.ActiveCfg = Release|Any CPU
		{98990D3E-0B60-40F8-80E0-0D9A4585D2FF}.Ad-Hoc|x86.Build.0 = Release|Any CPU
		{98990D3E-0B60-40F8-80E0-0D9A4585D2FF}.Ad-Hoc|x86.Deploy.0 = Release|Any CPU
		{98990D3E-0B60-40F8-80E0-0D9A4585D2FF}.AppStore|Any CPU.ActiveCfg = Release|Any CPU
		{98990D3E-0B60-40F8-80E0-0D9A4585D2FF}.AppStore|Any CPU.Build.0 = Release|Any CPU
		{98990D3E-0B60-40F8-80E0-0D9A4585D2FF}.AppStore|Any CPU.Deploy.0 = Release|Any CPU
		{98990D3E-0B60-40F8-80E0-0D9A4585D2FF}.AppStore|ARM.ActiveCfg = Release|Any CPU
		{98990D3E-0B60-40F8-80E0-0D9A4585D2FF}.AppStore|ARM.Build.0 = Release|Any CPU
		{98990D3E-0B60-40F8-80E0-0D9A4585D2FF}.AppStore|ARM.Deploy.0 = Release|Any CPU
		{98990D3E-0B60-40F8-80E0-0D9A4585D2FF}.AppStore|iPhone.ActiveCfg = Release|Any CPU
		{98990D3E-0B60-40F8-80E0-0D9A4585D2FF}.AppStore|iPhone.Build.0 = Release|Any CPU
		{98990D3E-0B60-40F8-80E0-0D9A4585D2FF}.AppStore|iPhone.Deploy.0 = Release|Any CPU
		{98990D3E-0B60-40F8-80E0-0D9A4585D2FF}.AppStore|iPhoneSimulator.ActiveCfg = Release|Any CPU
		{98990D3E-0B60-40F8-80E0-0D9A4585D2FF}.AppStore|iPhoneSimulator.Build.0 = Release|Any CPU
		{98990D3E-0B60-40F8-80E0-0D9A4585D2FF}.AppStore|iPhoneSimulator.Deploy.0 = Release|Any CPU
		{98990D3E-0B60-40F8-80E0-0D9A4585D2FF}.AppStore|x64.ActiveCfg = Release|Any CPU
		{98990D3E-0B60-40F8-80E0-0D9A4585D2FF}.AppStore|x64.Build.0 = Release|Any CPU
		{98990D3E-0B60-40F8-80E0-0D9A4585D2FF}.AppStore|x64.Deploy.0 = Release|Any CPU
		{98990D3E-0B60-40F8-80E0-0D9A4585D2FF}.AppStore|x86.ActiveCfg = Release|Any CPU
		{98990D3E-0B60-40F8-80E0-0D9A4585D2FF}.AppStore|x86.Build.0 = Release|Any CPU
		{98990D3E-0B60-40F8-80E0-0D9A4585D2FF}.AppStore|x86.Deploy.0 = Release|Any CPU
		{98990D3E-0B60-40F8-80E0-0D9A4585D2FF}.Debug|Any CPU.ActiveCfg = Debug|Any CPU
		{98990D3E-0B60-40F8-80E0-0D9A4585D2FF}.Debug|Any CPU.Build.0 = Debug|Any CPU
		{98990D3E-0B60-40F8-80E0-0D9A4585D2FF}.Debug|Any CPU.Deploy.0 = Debug|Any CPU
		{98990D3E-0B60-40F8-80E0-0D9A4585D2FF}.Debug|ARM.ActiveCfg = Debug|Any CPU
		{98990D3E-0B60-40F8-80E0-0D9A4585D2FF}.Debug|ARM.Build.0 = Debug|Any CPU
		{98990D3E-0B60-40F8-80E0-0D9A4585D2FF}.Debug|ARM.Deploy.0 = Debug|Any CPU
		{98990D3E-0B60-40F8-80E0-0D9A4585D2FF}.Debug|iPhone.ActiveCfg = Debug|Any CPU
		{98990D3E-0B60-40F8-80E0-0D9A4585D2FF}.Debug|iPhone.Build.0 = Debug|Any CPU
		{98990D3E-0B60-40F8-80E0-0D9A4585D2FF}.Debug|iPhone.Deploy.0 = Debug|Any CPU
		{98990D3E-0B60-40F8-80E0-0D9A4585D2FF}.Debug|iPhoneSimulator.ActiveCfg = Debug|Any CPU
		{98990D3E-0B60-40F8-80E0-0D9A4585D2FF}.Debug|iPhoneSimulator.Build.0 = Debug|Any CPU
		{98990D3E-0B60-40F8-80E0-0D9A4585D2FF}.Debug|iPhoneSimulator.Deploy.0 = Debug|Any CPU
		{98990D3E-0B60-40F8-80E0-0D9A4585D2FF}.Debug|x64.ActiveCfg = Debug|Any CPU
		{98990D3E-0B60-40F8-80E0-0D9A4585D2FF}.Debug|x64.Build.0 = Debug|Any CPU
		{98990D3E-0B60-40F8-80E0-0D9A4585D2FF}.Debug|x64.Deploy.0 = Debug|Any CPU
		{98990D3E-0B60-40F8-80E0-0D9A4585D2FF}.Debug|x86.ActiveCfg = Debug|Any CPU
		{98990D3E-0B60-40F8-80E0-0D9A4585D2FF}.Debug|x86.Build.0 = Debug|Any CPU
		{98990D3E-0B60-40F8-80E0-0D9A4585D2FF}.Debug|x86.Deploy.0 = Debug|Any CPU
		{98990D3E-0B60-40F8-80E0-0D9A4585D2FF}.Release|Any CPU.ActiveCfg = Release|Any CPU
		{98990D3E-0B60-40F8-80E0-0D9A4585D2FF}.Release|Any CPU.Build.0 = Release|Any CPU
		{98990D3E-0B60-40F8-80E0-0D9A4585D2FF}.Release|Any CPU.Deploy.0 = Release|Any CPU
		{98990D3E-0B60-40F8-80E0-0D9A4585D2FF}.Release|ARM.ActiveCfg = Release|Any CPU
		{98990D3E-0B60-40F8-80E0-0D9A4585D2FF}.Release|ARM.Build.0 = Release|Any CPU
		{98990D3E-0B60-40F8-80E0-0D9A4585D2FF}.Release|ARM.Deploy.0 = Release|Any CPU
		{98990D3E-0B60-40F8-80E0-0D9A4585D2FF}.Release|iPhone.ActiveCfg = Release|Any CPU
		{98990D3E-0B60-40F8-80E0-0D9A4585D2FF}.Release|iPhone.Build.0 = Release|Any CPU
		{98990D3E-0B60-40F8-80E0-0D9A4585D2FF}.Release|iPhone.Deploy.0 = Release|Any CPU
		{98990D3E-0B60-40F8-80E0-0D9A4585D2FF}.Release|iPhoneSimulator.ActiveCfg = Release|Any CPU
		{98990D3E-0B60-40F8-80E0-0D9A4585D2FF}.Release|iPhoneSimulator.Build.0 = Release|Any CPU
		{98990D3E-0B60-40F8-80E0-0D9A4585D2FF}.Release|iPhoneSimulator.Deploy.0 = Release|Any CPU
		{98990D3E-0B60-40F8-80E0-0D9A4585D2FF}.Release|x64.ActiveCfg = Release|Any CPU
		{98990D3E-0B60-40F8-80E0-0D9A4585D2FF}.Release|x64.Build.0 = Release|Any CPU
		{98990D3E-0B60-40F8-80E0-0D9A4585D2FF}.Release|x64.Deploy.0 = Release|Any CPU
		{98990D3E-0B60-40F8-80E0-0D9A4585D2FF}.Release|x86.ActiveCfg = Release|Any CPU
		{98990D3E-0B60-40F8-80E0-0D9A4585D2FF}.Release|x86.Build.0 = Release|Any CPU
		{98990D3E-0B60-40F8-80E0-0D9A4585D2FF}.Release|x86.Deploy.0 = Release|Any CPU
		{AC97FD6F-D8E3-4518-B9E9-CE93423AE44B}.Ad-Hoc|Any CPU.ActiveCfg = Release|Any CPU
		{AC97FD6F-D8E3-4518-B9E9-CE93423AE44B}.Ad-Hoc|Any CPU.Build.0 = Release|Any CPU
		{AC97FD6F-D8E3-4518-B9E9-CE93423AE44B}.Ad-Hoc|ARM.ActiveCfg = Release|Any CPU
		{AC97FD6F-D8E3-4518-B9E9-CE93423AE44B}.Ad-Hoc|ARM.Build.0 = Release|Any CPU
		{AC97FD6F-D8E3-4518-B9E9-CE93423AE44B}.Ad-Hoc|iPhone.ActiveCfg = Release|Any CPU
		{AC97FD6F-D8E3-4518-B9E9-CE93423AE44B}.Ad-Hoc|iPhone.Build.0 = Release|Any CPU
		{AC97FD6F-D8E3-4518-B9E9-CE93423AE44B}.Ad-Hoc|iPhoneSimulator.ActiveCfg = Release|Any CPU
		{AC97FD6F-D8E3-4518-B9E9-CE93423AE44B}.Ad-Hoc|iPhoneSimulator.Build.0 = Release|Any CPU
		{AC97FD6F-D8E3-4518-B9E9-CE93423AE44B}.Ad-Hoc|x64.ActiveCfg = Release|Any CPU
		{AC97FD6F-D8E3-4518-B9E9-CE93423AE44B}.Ad-Hoc|x64.Build.0 = Release|Any CPU
		{AC97FD6F-D8E3-4518-B9E9-CE93423AE44B}.Ad-Hoc|x86.ActiveCfg = Release|Any CPU
		{AC97FD6F-D8E3-4518-B9E9-CE93423AE44B}.Ad-Hoc|x86.Build.0 = Release|Any CPU
		{AC97FD6F-D8E3-4518-B9E9-CE93423AE44B}.AppStore|Any CPU.ActiveCfg = Release|Any CPU
		{AC97FD6F-D8E3-4518-B9E9-CE93423AE44B}.AppStore|Any CPU.Build.0 = Release|Any CPU
		{AC97FD6F-D8E3-4518-B9E9-CE93423AE44B}.AppStore|ARM.ActiveCfg = Release|Any CPU
		{AC97FD6F-D8E3-4518-B9E9-CE93423AE44B}.AppStore|ARM.Build.0 = Release|Any CPU
		{AC97FD6F-D8E3-4518-B9E9-CE93423AE44B}.AppStore|iPhone.ActiveCfg = Release|Any CPU
		{AC97FD6F-D8E3-4518-B9E9-CE93423AE44B}.AppStore|iPhone.Build.0 = Release|Any CPU
		{AC97FD6F-D8E3-4518-B9E9-CE93423AE44B}.AppStore|iPhoneSimulator.ActiveCfg = Release|Any CPU
		{AC97FD6F-D8E3-4518-B9E9-CE93423AE44B}.AppStore|iPhoneSimulator.Build.0 = Release|Any CPU
		{AC97FD6F-D8E3-4518-B9E9-CE93423AE44B}.AppStore|x64.ActiveCfg = Release|Any CPU
		{AC97FD6F-D8E3-4518-B9E9-CE93423AE44B}.AppStore|x64.Build.0 = Release|Any CPU
		{AC97FD6F-D8E3-4518-B9E9-CE93423AE44B}.AppStore|x86.ActiveCfg = Release|Any CPU
		{AC97FD6F-D8E3-4518-B9E9-CE93423AE44B}.AppStore|x86.Build.0 = Release|Any CPU
		{AC97FD6F-D8E3-4518-B9E9-CE93423AE44B}.Debug|Any CPU.ActiveCfg = Debug|Any CPU
		{AC97FD6F-D8E3-4518-B9E9-CE93423AE44B}.Debug|Any CPU.Build.0 = Debug|Any CPU
		{AC97FD6F-D8E3-4518-B9E9-CE93423AE44B}.Debug|ARM.ActiveCfg = Debug|Any CPU
		{AC97FD6F-D8E3-4518-B9E9-CE93423AE44B}.Debug|ARM.Build.0 = Debug|Any CPU
		{AC97FD6F-D8E3-4518-B9E9-CE93423AE44B}.Debug|iPhone.ActiveCfg = Debug|Any CPU
		{AC97FD6F-D8E3-4518-B9E9-CE93423AE44B}.Debug|iPhone.Build.0 = Debug|Any CPU
		{AC97FD6F-D8E3-4518-B9E9-CE93423AE44B}.Debug|iPhoneSimulator.ActiveCfg = Debug|Any CPU
		{AC97FD6F-D8E3-4518-B9E9-CE93423AE44B}.Debug|iPhoneSimulator.Build.0 = Debug|Any CPU
		{AC97FD6F-D8E3-4518-B9E9-CE93423AE44B}.Debug|x64.ActiveCfg = Debug|Any CPU
		{AC97FD6F-D8E3-4518-B9E9-CE93423AE44B}.Debug|x64.Build.0 = Debug|Any CPU
		{AC97FD6F-D8E3-4518-B9E9-CE93423AE44B}.Debug|x86.ActiveCfg = Debug|Any CPU
		{AC97FD6F-D8E3-4518-B9E9-CE93423AE44B}.Debug|x86.Build.0 = Debug|Any CPU
		{AC97FD6F-D8E3-4518-B9E9-CE93423AE44B}.Release|Any CPU.ActiveCfg = Release|Any CPU
		{AC97FD6F-D8E3-4518-B9E9-CE93423AE44B}.Release|Any CPU.Build.0 = Release|Any CPU
		{AC97FD6F-D8E3-4518-B9E9-CE93423AE44B}.Release|ARM.ActiveCfg = Release|Any CPU
		{AC97FD6F-D8E3-4518-B9E9-CE93423AE44B}.Release|ARM.Build.0 = Release|Any CPU
		{AC97FD6F-D8E3-4518-B9E9-CE93423AE44B}.Release|iPhone.ActiveCfg = Release|Any CPU
		{AC97FD6F-D8E3-4518-B9E9-CE93423AE44B}.Release|iPhone.Build.0 = Release|Any CPU
		{AC97FD6F-D8E3-4518-B9E9-CE93423AE44B}.Release|iPhoneSimulator.ActiveCfg = Release|Any CPU
		{AC97FD6F-D8E3-4518-B9E9-CE93423AE44B}.Release|iPhoneSimulator.Build.0 = Release|Any CPU
		{AC97FD6F-D8E3-4518-B9E9-CE93423AE44B}.Release|x64.ActiveCfg = Release|Any CPU
		{AC97FD6F-D8E3-4518-B9E9-CE93423AE44B}.Release|x64.Build.0 = Release|Any CPU
		{AC97FD6F-D8E3-4518-B9E9-CE93423AE44B}.Release|x86.ActiveCfg = Release|Any CPU
		{AC97FD6F-D8E3-4518-B9E9-CE93423AE44B}.Release|x86.Build.0 = Release|Any CPU
		{9357511B-4206-4B6E-8E40-CE4D7B796704}.Ad-Hoc|Any CPU.ActiveCfg = Release|x86
		{9357511B-4206-4B6E-8E40-CE4D7B796704}.Ad-Hoc|Any CPU.Build.0 = Release|x86
		{9357511B-4206-4B6E-8E40-CE4D7B796704}.Ad-Hoc|Any CPU.Deploy.0 = Release|x86
		{9357511B-4206-4B6E-8E40-CE4D7B796704}.Ad-Hoc|ARM.ActiveCfg = Release|ARM
		{9357511B-4206-4B6E-8E40-CE4D7B796704}.Ad-Hoc|ARM.Build.0 = Release|ARM
		{9357511B-4206-4B6E-8E40-CE4D7B796704}.Ad-Hoc|ARM.Deploy.0 = Release|ARM
		{9357511B-4206-4B6E-8E40-CE4D7B796704}.Ad-Hoc|iPhone.ActiveCfg = Release|x86
		{9357511B-4206-4B6E-8E40-CE4D7B796704}.Ad-Hoc|iPhone.Build.0 = Release|x86
		{9357511B-4206-4B6E-8E40-CE4D7B796704}.Ad-Hoc|iPhone.Deploy.0 = Release|x86
		{9357511B-4206-4B6E-8E40-CE4D7B796704}.Ad-Hoc|iPhoneSimulator.ActiveCfg = Release|x86
		{9357511B-4206-4B6E-8E40-CE4D7B796704}.Ad-Hoc|iPhoneSimulator.Build.0 = Release|x86
		{9357511B-4206-4B6E-8E40-CE4D7B796704}.Ad-Hoc|iPhoneSimulator.Deploy.0 = Release|x86
		{9357511B-4206-4B6E-8E40-CE4D7B796704}.Ad-Hoc|x64.ActiveCfg = Release|x64
		{9357511B-4206-4B6E-8E40-CE4D7B796704}.Ad-Hoc|x64.Build.0 = Release|x64
		{9357511B-4206-4B6E-8E40-CE4D7B796704}.Ad-Hoc|x64.Deploy.0 = Release|x64
		{9357511B-4206-4B6E-8E40-CE4D7B796704}.Ad-Hoc|x86.ActiveCfg = Release|x86
		{9357511B-4206-4B6E-8E40-CE4D7B796704}.Ad-Hoc|x86.Build.0 = Release|x86
		{9357511B-4206-4B6E-8E40-CE4D7B796704}.Ad-Hoc|x86.Deploy.0 = Release|x86
		{9357511B-4206-4B6E-8E40-CE4D7B796704}.AppStore|Any CPU.ActiveCfg = Release|x86
		{9357511B-4206-4B6E-8E40-CE4D7B796704}.AppStore|Any CPU.Build.0 = Release|x86
		{9357511B-4206-4B6E-8E40-CE4D7B796704}.AppStore|Any CPU.Deploy.0 = Release|x86
		{9357511B-4206-4B6E-8E40-CE4D7B796704}.AppStore|ARM.ActiveCfg = Release|ARM
		{9357511B-4206-4B6E-8E40-CE4D7B796704}.AppStore|ARM.Build.0 = Release|ARM
		{9357511B-4206-4B6E-8E40-CE4D7B796704}.AppStore|ARM.Deploy.0 = Release|ARM
		{9357511B-4206-4B6E-8E40-CE4D7B796704}.AppStore|iPhone.ActiveCfg = Release|x86
		{9357511B-4206-4B6E-8E40-CE4D7B796704}.AppStore|iPhone.Build.0 = Release|x86
		{9357511B-4206-4B6E-8E40-CE4D7B796704}.AppStore|iPhone.Deploy.0 = Release|x86
		{9357511B-4206-4B6E-8E40-CE4D7B796704}.AppStore|iPhoneSimulator.ActiveCfg = Release|x86
		{9357511B-4206-4B6E-8E40-CE4D7B796704}.AppStore|iPhoneSimulator.Build.0 = Release|x86
		{9357511B-4206-4B6E-8E40-CE4D7B796704}.AppStore|iPhoneSimulator.Deploy.0 = Release|x86
		{9357511B-4206-4B6E-8E40-CE4D7B796704}.AppStore|x64.ActiveCfg = Release|x64
		{9357511B-4206-4B6E-8E40-CE4D7B796704}.AppStore|x64.Build.0 = Release|x64
		{9357511B-4206-4B6E-8E40-CE4D7B796704}.AppStore|x64.Deploy.0 = Release|x64
		{9357511B-4206-4B6E-8E40-CE4D7B796704}.AppStore|x86.ActiveCfg = Release|x86
		{9357511B-4206-4B6E-8E40-CE4D7B796704}.AppStore|x86.Build.0 = Release|x86
		{9357511B-4206-4B6E-8E40-CE4D7B796704}.AppStore|x86.Deploy.0 = Release|x86
		{9357511B-4206-4B6E-8E40-CE4D7B796704}.Debug|Any CPU.ActiveCfg = Debug|x86
		{9357511B-4206-4B6E-8E40-CE4D7B796704}.Debug|ARM.ActiveCfg = Debug|ARM
		{9357511B-4206-4B6E-8E40-CE4D7B796704}.Debug|ARM.Build.0 = Debug|ARM
		{9357511B-4206-4B6E-8E40-CE4D7B796704}.Debug|ARM.Deploy.0 = Debug|ARM
		{9357511B-4206-4B6E-8E40-CE4D7B796704}.Debug|iPhone.ActiveCfg = Debug|x86
		{9357511B-4206-4B6E-8E40-CE4D7B796704}.Debug|iPhoneSimulator.ActiveCfg = Debug|x86
		{9357511B-4206-4B6E-8E40-CE4D7B796704}.Debug|x64.ActiveCfg = Debug|x64
		{9357511B-4206-4B6E-8E40-CE4D7B796704}.Debug|x64.Build.0 = Debug|x64
		{9357511B-4206-4B6E-8E40-CE4D7B796704}.Debug|x64.Deploy.0 = Debug|x64
		{9357511B-4206-4B6E-8E40-CE4D7B796704}.Debug|x86.ActiveCfg = Debug|x86
		{9357511B-4206-4B6E-8E40-CE4D7B796704}.Debug|x86.Build.0 = Debug|x86
		{9357511B-4206-4B6E-8E40-CE4D7B796704}.Debug|x86.Deploy.0 = Debug|x86
		{9357511B-4206-4B6E-8E40-CE4D7B796704}.Release|Any CPU.ActiveCfg = Release|x86
		{9357511B-4206-4B6E-8E40-CE4D7B796704}.Release|ARM.ActiveCfg = Release|ARM
		{9357511B-4206-4B6E-8E40-CE4D7B796704}.Release|ARM.Build.0 = Release|ARM
		{9357511B-4206-4B6E-8E40-CE4D7B796704}.Release|ARM.Deploy.0 = Release|ARM
		{9357511B-4206-4B6E-8E40-CE4D7B796704}.Release|iPhone.ActiveCfg = Release|x86
		{9357511B-4206-4B6E-8E40-CE4D7B796704}.Release|iPhoneSimulator.ActiveCfg = Release|x86
		{9357511B-4206-4B6E-8E40-CE4D7B796704}.Release|x64.ActiveCfg = Release|x64
		{9357511B-4206-4B6E-8E40-CE4D7B796704}.Release|x64.Build.0 = Release|x64
		{9357511B-4206-4B6E-8E40-CE4D7B796704}.Release|x64.Deploy.0 = Release|x64
		{9357511B-4206-4B6E-8E40-CE4D7B796704}.Release|x86.ActiveCfg = Release|x86
		{9357511B-4206-4B6E-8E40-CE4D7B796704}.Release|x86.Build.0 = Release|x86
		{9357511B-4206-4B6E-8E40-CE4D7B796704}.Release|x86.Deploy.0 = Release|x86
		{B9644BC3-BCBD-47D4-8F97-C9541B7C21B9}.Ad-Hoc|Any CPU.ActiveCfg = Ad-Hoc|iPhone
		{B9644BC3-BCBD-47D4-8F97-C9541B7C21B9}.Ad-Hoc|ARM.ActiveCfg = Ad-Hoc|iPhone
		{B9644BC3-BCBD-47D4-8F97-C9541B7C21B9}.Ad-Hoc|iPhone.ActiveCfg = Ad-Hoc|iPhone
		{B9644BC3-BCBD-47D4-8F97-C9541B7C21B9}.Ad-Hoc|iPhone.Build.0 = Ad-Hoc|iPhone
		{B9644BC3-BCBD-47D4-8F97-C9541B7C21B9}.Ad-Hoc|iPhoneSimulator.ActiveCfg = Ad-Hoc|iPhoneSimulator
		{B9644BC3-BCBD-47D4-8F97-C9541B7C21B9}.Ad-Hoc|iPhoneSimulator.Build.0 = Ad-Hoc|iPhoneSimulator
		{B9644BC3-BCBD-47D4-8F97-C9541B7C21B9}.Ad-Hoc|x64.ActiveCfg = Ad-Hoc|iPhone
		{B9644BC3-BCBD-47D4-8F97-C9541B7C21B9}.Ad-Hoc|x86.ActiveCfg = Ad-Hoc|iPhone
		{B9644BC3-BCBD-47D4-8F97-C9541B7C21B9}.AppStore|Any CPU.ActiveCfg = AppStore|iPhone
		{B9644BC3-BCBD-47D4-8F97-C9541B7C21B9}.AppStore|ARM.ActiveCfg = AppStore|iPhone
		{B9644BC3-BCBD-47D4-8F97-C9541B7C21B9}.AppStore|iPhone.ActiveCfg = AppStore|iPhone
		{B9644BC3-BCBD-47D4-8F97-C9541B7C21B9}.AppStore|iPhone.Build.0 = AppStore|iPhone
		{B9644BC3-BCBD-47D4-8F97-C9541B7C21B9}.AppStore|iPhoneSimulator.ActiveCfg = AppStore|iPhoneSimulator
		{B9644BC3-BCBD-47D4-8F97-C9541B7C21B9}.AppStore|iPhoneSimulator.Build.0 = AppStore|iPhoneSimulator
		{B9644BC3-BCBD-47D4-8F97-C9541B7C21B9}.AppStore|x64.ActiveCfg = AppStore|iPhone
		{B9644BC3-BCBD-47D4-8F97-C9541B7C21B9}.AppStore|x86.ActiveCfg = AppStore|iPhone
		{B9644BC3-BCBD-47D4-8F97-C9541B7C21B9}.Debug|Any CPU.ActiveCfg = Debug|iPhone
		{B9644BC3-BCBD-47D4-8F97-C9541B7C21B9}.Debug|ARM.ActiveCfg = Debug|iPhone
		{B9644BC3-BCBD-47D4-8F97-C9541B7C21B9}.Debug|iPhone.ActiveCfg = Debug|iPhone
		{B9644BC3-BCBD-47D4-8F97-C9541B7C21B9}.Debug|iPhone.Build.0 = Debug|iPhone
		{B9644BC3-BCBD-47D4-8F97-C9541B7C21B9}.Debug|iPhoneSimulator.ActiveCfg = Debug|iPhoneSimulator
		{B9644BC3-BCBD-47D4-8F97-C9541B7C21B9}.Debug|iPhoneSimulator.Build.0 = Debug|iPhoneSimulator
		{B9644BC3-BCBD-47D4-8F97-C9541B7C21B9}.Debug|x64.ActiveCfg = Debug|iPhone
		{B9644BC3-BCBD-47D4-8F97-C9541B7C21B9}.Debug|x86.ActiveCfg = Debug|iPhone
		{B9644BC3-BCBD-47D4-8F97-C9541B7C21B9}.Release|Any CPU.ActiveCfg = Release|iPhone
		{B9644BC3-BCBD-47D4-8F97-C9541B7C21B9}.Release|ARM.ActiveCfg = Release|iPhone
		{B9644BC3-BCBD-47D4-8F97-C9541B7C21B9}.Release|iPhone.ActiveCfg = Release|iPhone
		{B9644BC3-BCBD-47D4-8F97-C9541B7C21B9}.Release|iPhone.Build.0 = Release|iPhone
		{B9644BC3-BCBD-47D4-8F97-C9541B7C21B9}.Release|iPhoneSimulator.ActiveCfg = Release|iPhoneSimulator
		{B9644BC3-BCBD-47D4-8F97-C9541B7C21B9}.Release|iPhoneSimulator.Build.0 = Release|iPhoneSimulator
		{B9644BC3-BCBD-47D4-8F97-C9541B7C21B9}.Release|x64.ActiveCfg = Release|iPhone
		{B9644BC3-BCBD-47D4-8F97-C9541B7C21B9}.Release|x86.ActiveCfg = Release|iPhone
	EndGlobalSection
	GlobalSection(SolutionProperties) = preSolution
		HideSolutionNode = FALSE
	EndGlobalSection
	GlobalSection(ExtensibilityGlobals) = postSolution
		SolutionGuid = {C52CCF39-6023-4522-BCA7-7CE04B2D8155}
	EndGlobalSection
EndGlobal
